
Microsoft Visual Studio Solution File, Format Version 12.00
# Visual Studio 15
VisualStudioVersion = 15.0.28010.2050
MinimumVisualStudioVersion = 10.0.40219.1
Project("{FAE04EC0-301F-11D3-BF4B-00C04F79EFBC}") = "ThrendsWindow", "ThrendsWindow\ThrendsWindow.csproj", "{549AF8A8-E456-4F54-894C-CE3497B2DA3C}"
EndProject
Global
	GlobalSection(SolutionConfigurationPlatforms) = preSolution
		Debug|Any CPU = Debug|Any CPU
		Release|Any CPU = Release|Any CPU
	EndGlobalSection
	GlobalSection(ProjectConfigurationPlatforms) = postSolution
		{549AF8A8-E456-4F54-894C-CE3497B2DA3C}.Debug|Any CPU.ActiveCfg = Debug|Any CPU
		{549AF8A8-E456-4F54-894C-CE3497B2DA3C}.Debug|Any CPU.Build.0 = Debug|Any CPU
		{549AF8A8-E456-4F54-894C-CE3497B2DA3C}.Release|Any CPU.ActiveCfg = Release|Any CPU
		{549AF8A8-E456-4F54-894C-CE3497B2DA3C}.Release|Any CPU.Build.0 = Release|Any CPU
	EndGlobalSection
	GlobalSection(SolutionProperties) = preSolution
		HideSolutionNode = FALSE
	EndGlobalSection
	GlobalSection(ExtensibilityGlobals) = postSolution
		SolutionGuid = {FD14322B-C3FA-432F-A220-BFE84073CFDB}
	EndGlobalSection
EndGlobal
